
Microsoft Visual Studio Solution File, Format Version 12.00
Project("{FAE04EC0-301F-11D3-BF4B-00C04F79EFBC}") = "HashTableConsole", "HashTableConsole\HashTableConsole.csproj", "{DE233C56-47E6-4745-8710-A6C431D146B4}"
EndProject
Project("{FAE04EC0-301F-11D3-BF4B-00C04F79EFBC}") = "HashTable", "HashTable\HashTable.csproj", "{1F0007E7-80D3-4D31-9EA9-B7F913087E4E}"
EndProject
Global
	GlobalSection(SolutionConfigurationPlatforms) = preSolution
		Debug|Any CPU = Debug|Any CPU
		Release|Any CPU = Release|Any CPU
	EndGlobalSection
	GlobalSection(ProjectConfigurationPlatforms) = postSolution
		{DE233C56-47E6-4745-8710-A6C431D146B4}.Debug|Any CPU.ActiveCfg = Debug|Any CPU
		{DE233C56-47E6-4745-8710-A6C431D146B4}.Debug|Any CPU.Build.0 = Debug|Any CPU
		{DE233C56-47E6-4745-8710-A6C431D146B4}.Release|Any CPU.ActiveCfg = Release|Any CPU
		{DE233C56-47E6-4745-8710-A6C431D146B4}.Release|Any CPU.Build.0 = Release|Any CPU
		{1F0007E7-80D3-4D31-9EA9-B7F913087E4E}.Debug|Any CPU.ActiveCfg = Debug|Any CPU
		{1F0007E7-80D3-4D31-9EA9-B7F913087E4E}.Debug|Any CPU.Build.0 = Debug|Any CPU
		{1F0007E7-80D3-4D31-9EA9-B7F913087E4E}.Release|Any CPU.ActiveCfg = Release|Any CPU
		{1F0007E7-80D3-4D31-9EA9-B7F913087E4E}.Release|Any CPU.Build.0 = Release|Any CPU
	EndGlobalSection
EndGlobal
