
Microsoft Visual Studio Solution File, Format Version 12.00
Project("{FAE04EC0-301F-11D3-BF4B-00C04F79EFBC}") = "LogicalMinimization", "LogicalMinimization\LogicalMinimization.csproj", "{CE651DCF-6ABD-4B56-820B-F33CD8A36002}"
EndProject
Project("{FAE04EC0-301F-11D3-BF4B-00C04F79EFBC}") = "LogicalMinimizationsTests", "LogicalMinimizationsTests\LogicalMinimizationsTests.csproj", "{56B75EA3-6D4A-4212-B872-A3F211C5DE98}"
EndProject
Global
	GlobalSection(SolutionConfigurationPlatforms) = preSolution
		Debug|Any CPU = Debug|Any CPU
		Release|Any CPU = Release|Any CPU
	EndGlobalSection
	GlobalSection(ProjectConfigurationPlatforms) = postSolution
		{CE651DCF-6ABD-4B56-820B-F33CD8A36002}.Debug|Any CPU.ActiveCfg = Debug|Any CPU
		{CE651DCF-6ABD-4B56-820B-F33CD8A36002}.Debug|Any CPU.Build.0 = Debug|Any CPU
		{CE651DCF-6ABD-4B56-820B-F33CD8A36002}.Release|Any CPU.ActiveCfg = Release|Any CPU
		{CE651DCF-6ABD-4B56-820B-F33CD8A36002}.Release|Any CPU.Build.0 = Release|Any CPU
		{56B75EA3-6D4A-4212-B872-A3F211C5DE98}.Debug|Any CPU.ActiveCfg = Debug|Any CPU
		{56B75EA3-6D4A-4212-B872-A3F211C5DE98}.Debug|Any CPU.Build.0 = Debug|Any CPU
		{56B75EA3-6D4A-4212-B872-A3F211C5DE98}.Release|Any CPU.ActiveCfg = Release|Any CPU
		{56B75EA3-6D4A-4212-B872-A3F211C5DE98}.Release|Any CPU.Build.0 = Release|Any CPU
	EndGlobalSection
EndGlobal
